# THIS IS AN AUTOGENERATED FILE. DO NOT EDIT THIS FILE DIRECTLY.
# yarn lockfile v1


"@openzeppelin/contracts@^3.3.0":
  version "3.3.0"
  resolved "https://registry.yarnpkg.com/@openzeppelin/contracts/-/contracts-3.3.0.tgz#ffdb693c5c349fc33bba420248dd3ac0a2d7c408"
  integrity sha512-AemZEsQYtUp1WRkcmZm1div5ORfTpLquLaziCIrSagjxyKdmObxuaY1yjQ5SHFMctR8rLwp706NXTbiIRJg7pw==

abdk-libraries-solidity@^2.4.0:
  version "2.4.0"
  resolved "https://registry.yarnpkg.com/abdk-libraries-solidity/-/abdk-libraries-solidity-2.4.0.tgz#4a9ed6baa2017c0a18118c804e8c9258017d4a35"
  integrity sha512-C6RpN6hdi5sHNIKt5SGt8pGQAmmGdPIe3Cf95JBiZ+iTO5wushwkDC0r+38fSjsC/uA9rhpl/THyyZuvZv8c6g==
